github.com/KyleBanks/depth v1.2.1/go.mod h1:jzSb9d0L43HxTQfT+oSA1EEp2q+ne2uh6XgeJcm8brE=
github.com/cespare/xxhash/v2 v2.1.2/go.mod h1:VGX0DQ3Q6kWi7AoAeZDth3/j3BFtOZR5XLFGgcrjCOs=
github.com/dgryski/go-rendezvous v0.0.0-20200823014737-9f7001d12a5f/go.mod h1:cuUVRXasLTGF7a8hSLbxyZXjz+1KgoB3wDUb6vlszIc=
github.com/gabriel-vasile/mimetype v1.4.10/go.mod h1:d+9Oxyo1wTzWdyVUPMmXFvp4F9tea18J8ufA774AB3s=
github.com/go-chi/chi/v5 v5.2.3/go.mod h1:L2yAIGWB3H+phAw1NxKwWM+7eUH/lU8pOMm5hHcoops=
github.com/go-chi/cors v1.2.2/go.mod h1:sSbTewc+6wYHBBCW7ytsFSn836hqM7JxpglAy2Vzc58=
github.com/go-openapi/jsonpointer v0.22.1/go.mod h1:pQT9OsLkfz1yWoMgYFy4x3U5GY5nUlsOn1qSBH5MkCM=
github.com/go-openapi/jsonreference v0.21.2/go.mod h1:pp3PEjIsJ9CZDGCNOyXIQxsNuroxm8FAJ/+quA0yKzQ=
github.com/go-openapi/spec v0.22.0/go.mod h1:K0FhKxkez8YNS94XzF8YKEMULbFrRw4m15i2YUht4L0=
github.com/go-openapi/swag/conv v0.25.1/go.mod h1:Z1mFEGPfyIKPu0806khI3zF+/EUXde+fdeksUl2NiDs=
github.com/go-openapi/swag/jsonname v0.25.1/go.mod h1:71Tekow6UOLBD3wS7XhdT98g5J5GR13NOTQ9/6Q11Zo=
github.com/go-openapi/swag/jsonutils v0.25.1/go.mod h1:JpEkAjxQXpiaHmRO04N1zE4qbUEg3b7Udll7AMGTNOo=
github.com/go-openapi/swag/loading v0.25.1/go.mod h1:xoIe2EG32NOYYbqxvXgPzne989bWvSNoWoyQVWEZicc=
github.com/go-openapi/swag/stringutils v0.25.1/go.mod h1:JLdSAq5169HaiDUbTvArA2yQxmgn4D6h4A+4HqVvAYg=
github.com/go-openapi/swag/typeutils v0.25.1/go.mod h1:9McMC/oCdS4BKwk2shEB7x17P6HmMmA6dQRtAkSnNb8=
github.com/go-openapi/swag/yamlutils v0.25.1/go.mod h1:cm9ywbzncy3y6uPm/97ysW8+wZ09qsks+9RS8fLWKqg=
github.com/go-playground/locales v0.14.1/go.mod h1:hxrqLVvrK65+Rwrd5Fc6F2O76J/NuW9t0sjnWqG1slY=
github.com/go-playground/universal-translator v0.18.1/go.mod h1:xekY+UJKNuX9WP91TpwSH2VMlDf28Uj24BCp08ZFTUY=
github.com/go-playground/validator/v10 v10.28.0/go.mod h1:GoI6I1SjPBh9p7ykNE/yj3fFYbyDOpwMn5KXd+m2hUU=
github.com/go-redis/redis/v8 v8.11.5/go.mod h1:gREzHqY1hg6oD9ngVRbLStwAWKhA0FEgq8Jd4h5lpwo=
github.com/golang-jwt/jwt/v5 v5.3.0/go.mod h1:fxCRLWMO43lRc8nhHWY6LGqRcf+1gQWArsqaEUEa5bE=
github.com/google/go-cmp v0.7.0/go.mod h1:pXiqmnSA92OHEEa9HXL2W4E7lf9JzCmGVUdgjX3N/iU=
github.com/google/uuid v1.6.0/go.mod h1:TIyPZe4MgqvfeYDBFedMoGGpEw/LqOeaOT+nhxU+yHo=
github.com/leodido/go-urn v1.4.0/go.mod h1:bvxc+MVxLKB4z00jd1z+Dvzr47oO32F/QSNjSBOlFxI=
github.com/lib/pq v1.10.9/go.mod h1:AlVN5x4E4T544tWzH6hKfbfQvm3HdbOxrmggDNAPY9o=
github.com/sendgrid/rest v2.6.9+incompatible/go.mod h1:kXX7q3jZtJXK5c5qK83bSGMdV6tsOE70KbHoqJls4lE=
github.com/sendgrid/sendgrid-go v3.16.1+incompatible/go.mod h1:QRQt+LX/NmgVEvmdRw0VT/QgUn499+iza2FnDca9fg8=
github.com/swaggo/files/v2 v2.0.0/go.mod h1:24kk2Y9NYEJ5lHuCra6iVwkMjIekMCaFq/0JQj66kyM=
github.com/swaggo/http-swagger/v2 v2.0.2/go.mod h1:r7/GBkAWIfK6E/OLnE8fXnviHiDeAHmgIyooa4xm3AQ=
github.com/swaggo/swag v1.16.6/go.mod h1:ngP2etMK5a0P3QBizic5MEwpRmluJZPHjXcMoj4Xesg=
go.uber.org/multierr v1.10.0/go.mod h1:20+QtiLqy0Nd6FdQB9TLXag12DsQkrbs3htMFfDN80Y=
go.uber.org/zap v1.27.0/go.mod h1:GB2qFLM7cTU87MWRP2mPIjqfIDnGu+VIO4V/SdhGo2E=
go.yaml.in/yaml/v3 v3.0.4/go.mod h1:DhzuOOF2ATzADvBadXxruRBLzYTpT36CKvDb3+aBEFg=
golang.org/x/crypto v0.43.0/go.mod h1:BFbav4mRNlXJL4wNeejLpWxB7wMbc79PdRGhWKncxR0=
golang.org/x/mod v0.29.0/go.mod h1:NyhrlYXJ2H4eJiRy/WDBO6HMqZQ6q9nk4JzS3NuCK+w=
golang.org/x/sync v0.17.0/go.mod h1:9KTHXmSnoGruLpwFjVSX0lNNA75CykiMECbovNTZqGI=
golang.org/x/sys v0.37.0/go.mod h1:OgkHotnGiDImocRcuBABYBEXf8A9a87e/uXjp9XT3ks=
golang.org/x/text v0.30.0/go.mod h1:yDdHFIX9t+tORqspjENWgzaCVXgk0yYnYuSZ8UzzBVM=
golang.org/x/tools v0.38.0/go.mod h1:yEsQ/d/YK8cjh0L6rZlY8tgtlKiBNTL14pGDJPJpYQs=
gopkg.in/alexcesaro/quotedprintable.v3 v3.0.0-20150716171945-2caba252f4dc/go.mod h1:m7x9LTH6d71AHyAX77c9yqWCCa3UKHcVEj9y7hAtKDk=
gopkg.in/check.v1 v0.0.0-20161208181325-20d25e280405/go.mod h1:Co6ibVJAznAaIkqp8huTwlJQCZ016jof/cbN4VW5Yz0=
gopkg.in/mail.v2 v2.3.1/go.mod h1:htwXN1Qh09vZJ1NVKxQqHPBaCBbzKhp5GzuJEA4VJWw=
